// !$*UTF8*$!
{
	archiveVersion = 1;
	classes = {
	};
	objectVersion = 46;
	objects = {

/* Begin PBXBuildFile section */
		90D3D2B41BFE8D700085AE9A /* AppDelegate.swift in Sources */ = {isa = PBXBuildFile; fileRef = 90D3D2B31BFE8D700085AE9A /* AppDelegate.swift */; };
		90D3D2B61BFE8D700085AE9A /* ViewController.swift in Sources */ = {isa = PBXBuildFile; fileRef = 90D3D2B51BFE8D700085AE9A /* ViewController.swift */; };
		90D3D2B91BFE8D700085AE9A /* Main.storyboard in Resources */ = {isa = PBXBuildFile; fileRef = 90D3D2B71BFE8D700085AE9A /* Main.storyboard */; };
		90D3D2BB1BFE8D700085AE9A /* Assets.xcassets in Resources */ = {isa = PBXBuildFile; fileRef = 90D3D2BA1BFE8D700085AE9A /* Assets.xcassets */; };
		90D3D2BE1BFE8D700085AE9A /* LaunchScreen.storyboard in Resources */ = {isa = PBXBuildFile; fileRef = 90D3D2BC1BFE8D700085AE9A /* LaunchScreen.storyboard */; };
/* End PBXBuildFile section */

/* Begin PBXFileReference section */
		90D3D2B01BFE8D700085AE9A /* Horse Animation.app */ = {isa = PBXFileReference; explicitFileType = wrapper.application; includeInIndex = 0; path = "Horse Animation.app"; sourceTree = BUILT_PRODUCTS_DIR; };
		90D3D2B31BFE8D700085AE9A /* AppDelegate.swift */ = {isa = PBXFileReference; lastKnownFileType = sourcecode.swift; path = AppDelegate.swift; sourceTree = "<group>"; };
		90D3D2B51BFE8D700085AE9A /* ViewController.swift */ = {isa = PBXFileReference; lastKnownFileType = sourcecode.swift; path = ViewController.swift; sourceTree = "<group>"; };
		90D3D2B81BFE8D700085AE9A /* Base */ = {isa = PBXFileReference; lastKnownFileType = file.storyboard; name = Base; path = Base.lproj/Main.storyboard; sourceTree = "<group>"; };
		90D3D2BA1BFE8D700085AE9A /* Assets.xcassets */ = {isa = PBXFileReference; lastKnownFileType = folder.assetcatalog; path = Assets.xcassets; sourceTree = "<group>"; };
		90D3D2BD1BFE8D700085AE9A /* Base */ = {isa = PBXFileReference; lastKnownFileType = file.storyboard; name = Base; path = Base.lproj/LaunchScreen.storyboard; sourceTree = "<group>"; };
		90D3D2BF1BFE8D700085AE9A /* Info.plist */ = {isa = PBXFileReference; lastKnownFileType = text.plist.xml; path = Info.plist; sourceTree = "<group>"; };
/* End PBXFileReference section */

/* Begin PBXFrameworksBuildPhase section */
		90D3D2AD1BFE8D700085AE9A /* Frameworks */ = {
			isa = PBXFrameworksBuildPhase;
			buildActionMask = 2147483647;
			files = (
			);
			runOnlyForDeploymentPostprocessing = 0;
		};
/* End PBXFrameworksBuildPhase section */

/* Begin PBXGroup section */
		90D3D2A71BFE8D700085AE9A = {
			isa = PBXGroup;
			children = (
				90D3D2B21BFE8D700085AE9A /* Horse Animation */,
				90D3D2B11BFE8D700085AE9A /* Products */,
			);
			sourceTree = "<group>";
		};
		90D3D2B11BFE8D700085AE9A /* Products */ = {
			isa = PBXGroup;
			children = (
				90D3D2B01BFE8D700085AE9A /* Horse Animation.app */,
			);
			name = Products;
			sourceTree = "<group>";
		};
		90D3D2B21BFE8D700085AE9A /* Horse Animation */ = {
			isa = PBXGroup;
			children = (
				90D3D2B31BFE8D700085AE9A /* AppDelegate.swift */,
				90D3D2B51BFE8D700085AE9A /* ViewController.swift */,
				90D3D2B71BFE8D700085AE9A /* Main.storyboard */,
				90D3D2BA1BFE8D700085AE9A /* Assets.xcassets */,
				90D3D2BC1BFE8D700085AE9A /* LaunchScreen.storyboard */,
				90D3D2BF1BFE8D700085AE9A /* Info.plist */,
			);
			path = "Horse Animation";
			sourceTree = "<group>";
		};
/* End PBXGroup section */

/* Begin PBXNativeTarget section */
		90D3D2AF1BFE8D700085AE9A /* Horse Animation */ = {
			isa = PBXNativeTarget;
			buildConfigurationList = 90D3D2C21BFE8D700085AE9A /* Build configuration list for PBXNativeTarget "Horse Animation" */;
			buildPhases = (
				90D3D2AC1BFE8D700085AE9A /* Sources */,
				90D3D2AD1BFE8D700085AE9A /* Frameworks */,
				90D3D2AE1BFE8D700085AE9A /* Resources */,
			);
			buildRules = (
			);
			dependencies = (
			);
			name = "Horse Animation";
			productName = "Horse Animation";
			productReference = 90D3D2B01BFE8D700085AE9A /* Horse Animation.app */;
			productType = "com.apple.product-type.application";
		};
/* End PBXNativeTarget section */

/* Begin PBXProject section */
		90D3D2A81BFE8D700085AE9A /* Project object */ = {
			isa = PBXProject;
			attributes = {
				LastSwiftUpdateCheck = 0710;
				LastUpgradeCheck = 0710;
				ORGANIZATIONNAME = CodeRunner;
				TargetAttributes = {
					90D3D2AF1BFE8D700085AE9A = {
						CreatedOnToolsVersion = 7.1.1;
						DevelopmentTeam = DH6MS76EFS;
					};
				};
			};
			buildConfigurationList = 90D3D2AB1BFE8D700085AE9A /* Build configuration list for PBXProject "Horse Animation" */;
			compatibilityVersion = "Xcode 3.2";
			developmentRegion = English;
			hasScannedForEncodings = 0;
			knownRegions = (
				en,
				Base,
			);
			mainGroup = 90D3D2A71BFE8D700085AE9A;
			productRefGroup = 90D3D2B11BFE8D700085AE9A /* Products */;
			projectDirPath = "";
			projectRoot = "";
			targets = (
				90D3D2AF1BFE8D700085AE9A /* Horse Animation */,
			);
		};
/* End PBXProject section */

/* Begin PBXResourcesBuildPhase section */
		90D3D2AE1BFE8D700085AE9A /* Resources */ = {
			isa = PBXResourcesBuildPhase;
			buildActionMask = 2147483647;
			files = (
				90D3D2BE1BFE8D700085AE9A /* LaunchScreen.storyboard in Resources */,
				90D3D2BB1BFE8D700085AE9A /* Assets.xcassets in Resources */,
				90D3D2B91BFE8D700085AE9A /* Main.storyboard in Resources */,
			);
			runOnlyForDeploymentPostprocessing = 0;
		};
/* End PBXResourcesBuildPhase section */

/* Begin PBXSourcesBuildPhase section */
		90D3D2AC1BFE8D700085AE9A /* Sources */ = {
			isa = PBXSourcesBuildPhase;
			buildActionMask = 2147483647;
			files = (
				90D3D2B61BFE8D700085AE9A /* ViewController.swift in Sources */,
				90D3D2B41BFE8D700085AE9A /* AppDelegate.swift in Sources */,
			);
			runOnlyForDeploymentPostprocessing = 0;
		};
/* End PBXSourcesBuildPhase section */

/* Begin PBXVariantGroup section */
		90D3D2B71BFE8D700085AE9A /* Main.storyboard */ = {
			isa = PBXVariantGroup;
			children = (
				90D3D2B81BFE8D700085AE9A /* Base */,
			);
			name = Main.storyboard;
			sourceTree = "<group>";
		};
		90D3D2BC1BFE8D700085AE9A /* LaunchScreen.storyboard */ = {
			isa = PBXVariantGroup;
			children = (
				90D3D2BD1BFE8D700085AE9A /* Base */,
			);
			name = LaunchScreen.storyboard;
			sourceTree = "<group>";
		};
/* End PBXVariantGroup section */

/* Begin XCBuildConfiguration section */
		90D3D2C01BFE8D700085AE9A /* Debug */ = {
			isa = XCBuildConfiguration;
			buildSettings = {
				ALWAYS_SEARCH_USER_PATHS = NO;
				CLANG_CXX_LANGUAGE_STANDARD = "gnu++0x";
				CLANG_CXX_LIBRARY = "libc++";
				CLANG_ENABLE_MODULES = YES;
				CLANG_ENABLE_OBJC_ARC = YES;
				CLANG_WARN_BOOL_CONVERSION = YES;
				CLANG_WARN_CONSTANT_CONVERSION = YES;
				CLANG_WARN_DIRECT_OBJC_ISA_USAGE = YES_ERROR;
				CLANG_WARN_EMPTY_BODY = YES;
				CLANG_WARN_ENUM_CONVERSION = YES;
				CLANG_WARN_INT_CONVERSION = YES;
				CLANG_WARN_OBJC_ROOT_CLASS = YES_ERROR;
				CLANG_WARN_UNREACHABLE_CODE = YES;
				CLANG_WARN__DUPLICATE_METHOD_MATCH = YES;
				"CODE_SIGN_IDENTITY[sdk=iphoneos*]" = "iPhone Developer";
				COPY_PHASE_STRIP = NO;
				DEBUG_INFORMATION_FORMAT = dwarf;
				ENABLE_STRICT_OBJC_MSGSEND = YES;
				ENABLE_TESTABILITY = YES;
				GCC_C_LANGUAGE_STANDARD = gnu99;
				GCC_DYNAMIC_NO_PIC = NO;
				GCC_NO_COMMON_BLOCKS = YES;
				GCC_OPTIMIZATION_LEVEL = 0;
				GCC_PREPROCESSOR_DEFINITIONS = (
					"DEBUG=1",
					"$(inherited)",
				);
				GCC_WARN_64_TO_32_BIT_CONVERSION = YES;
				GCC_WARN_ABOUT_RETURN_TYPE = YES_ERROR;
				GCC_WARN_UNDECLARED_SELECTOR = YES;
				GCC_WARN_UNINITIALIZED_AUTOS = YES_AGGRESSIVE;
				GCC_WARN_UNUSED_FUNCTION = YES;
				GCC_WARN_UNUSED_VARIABLE = YES;
				IPHONEOS_DEPLOYMENT_TARGET = 9.1;
				MTL_ENABLE_DEBUG_INFO = YES;
				ONLY_ACTIVE_ARCH = YES;
				SDKROOT = iphoneos;
				SWIFT_OPTIMIZATION_LEVEL = "-Onone";
			};
			name = Debug;
		};
		90D3D2C11BFE8D700085AE9A /* Release */ = {
			isa = XCBuildConfiguration;
			buildSettings = {
				ALWAYS_SEARCH_USER_PATHS = NO;
				CLANG_CXX_LANGUAGE_STANDARD = "gnu++0x";
				CLANG_CXX_LIBRARY = "libc++";
				CLANG_ENABLE_MODULES = YES;
				CLANG_ENABLE_OBJC_ARC = YES;
				CLANG_WARN_BOOL_CONVERSION = YES;
				CLANG_WARN_CONSTANT_CONVERSION = YES;
				CLANG_WARN_DIRECT_OBJC_ISA_USAGE = YES_ERROR;
				CLANG_WARN_EMPTY_BODY = YES;
				CLANG_WARN_ENUM_CONVERSION = YES;
				CLANG_WARN_INT_CONVERSION = YES;
				CLANG_WARN_OBJC_ROOT_CLASS = YES_ERROR;
				CLANG_WARN_UNREACHABLE_CODE = YES;
				CLANG_WARN__DUPLICATE_METHOD_MATCH = YES;
				"CODE_SIGN_IDENTITY[sdk=iphoneos*]" = "iPhone Developer";
				COPY_PHASE_STRIP = NO;
				DEBUG_INFORMATION_FORMAT = "dwarf-with-dsym";
				ENABLE_NS_ASSERTIONS = NO;
				ENABLE_STRICT_OBJC_MSGSEND = YES;
				GCC_C_LANGUAGE_STANDARD = gnu99;
				GCC_NO_COMMON_BLOCKS = YES;
				GCC_WARN_64_TO_32_BIT_CONVERSION = YES;
				GCC_WARN_ABOUT_RETURN_TYPE = YES_ERROR;
				GCC_WARN_UNDECLARED_SELECTOR = YES;
				GCC_WARN_UNINITIALIZED_AUTOS = YES_AGGRESSIVE;
				GCC_WARN_UNUSED_FUNCTION = YES;
				GCC_WARN_UNUSED_VARIABLE = YES;
				IPHONEOS_DEPLOYMENT_TARGET = 9.1;
				MTL_ENABLE_DEBUG_INFO = NO;
				SDKROOT = iphoneos;
				VALIDATE_PRODUCT = YES;
			};
			name = Release;
		};
		90D3D2C31BFE8D700085AE9A /* Debug */ = {
			isa = XCBuildConfiguration;
			buildSettings = {
				ASSETCATALOG_COMPILER_APPICON_NAME = AppIcon;
				INFOPLIST_FILE = "Horse Animation/Info.plist";
				LD_RUNPATH_SEARCH_PATHS = "$(inherited) @executable_path/Frameworks";
				PRODUCT_BUNDLE_IDENTIFIER = "it.coderunner.Horse-Animation";
				PRODUCT_NAME = "$(TARGET_NAME)";
			};
			name = Debug;
		};
		90D3D2C41BFE8D700085AE9A /* Release */ = {
			isa = XCBuildConfiguration;
			buildSettings = {
				ASSETCATALOG_COMPILER_APPICON_NAME = AppIcon;
				INFOPLIST_FILE = "Horse Animation/Info.plist";
				LD_RUNPATH_SEARCH_PATHS = "$(inherited) @executable_path/Frameworks";
				PRODUCT_BUNDLE_IDENTIFIER = "it.coderunner.Horse-Animation";
				PRODUCT_NAME = "$(TARGET_NAME)";
			};
			name = Release;
		};
/* End XCBuildConfiguration section */

/* Begin XCConfigurationList section */
		90D3D2AB1BFE8D700085AE9A /* Build configuration list for PBXProject "Horse Animation" */ = {
			isa = XCConfigurationList;
			buildConfigurations = (
				90D3D2C01BFE8D700085AE9A /* Debug */,
				90D3D2C11BFE8D700085AE9A /* Release */,
			);
			defaultConfigurationIsVisible = 0;
			defaultConfigurationName = Release;
		};
		90D3D2C21BFE8D700085AE9A /* Build configuration list for PBXNativeTarget "Horse Animation" */ = {
			isa = XCConfigurationList;
			buildConfigurations = (
				90D3D2C31BFE8D700085AE9A /* Debug */,
				90D3D2C41BFE8D700085AE9A /* Release */,
			);
			defaultConfigurationIsVisible = 0;
		};
/* End XCConfigurationList section */
	};
	rootObject = 90D3D2A81BFE8D700085AE9A /* Project object */;
}
