// !$*UTF8*$!
{
	archiveVersion = 1;
	classes = {
	};
	objectVersion = 46;
	objects = {

/* Begin PBXBuildFile section */
		90D3D2B41BFE8D700085AE9A /* AppDelegate.swift in Sources */ = {isa = PBXBuildFile; fileRef = 90D3D2B31BFE8D700085AE9A /* AppDelegate.swift */; };
		90D3D2B61BFE8D700085AE9A /* ViewController.swift in Sources */ = {isa = PBXBuildFile; fileRef = 90D3D2B51BFE8D700085AE9A /* ViewController.swift */; };
		90D3D2B91BFE8D700085AE9A /* Main.storyboard in Resources */ = {isa = PBXBuildFile; fileRef = 90D3D2B71BFE8D700085AE9A /* Main.storyboard */; };
		90D3D2BB1BFE8D700085AE9A /* Assets.xcassets in Resources */ = {isa = PBXBuildFile; fileRef = 90D3D2BA1BFE8D700085AE9A /* Assets.xcassets */; };
		90D3D2BE1BFE8D700085AE9A /* LaunchScreen.storyboard in Resources */ = {isa = PBXBuildFile; fileRef = 90D3D2BC1BFE8D700085AE9A /* LaunchScreen.storyboard */; };
		90D3D2F21BFE8D9A0085AE9A /* frame-001.png in Resources */ = {isa = PBXBuildFile; fileRef = 90D3D2C61BFE8D9A0085AE9A /* frame-001.png */; };
		90D3D2F31BFE8D9A0085AE9A /* frame-003.png in Resources */ = {isa = PBXBuildFile; fileRef = 90D3D2C71BFE8D9A0085AE9A /* frame-003.png */; };
		90D3D2F41BFE8D9A0085AE9A /* frame-004.png in Resources */ = {isa = PBXBuildFile; fileRef = 90D3D2C81BFE8D9A0085AE9A /* frame-004.png */; };
		90D3D2F51BFE8D9A0085AE9A /* frame-006.png in Resources */ = {isa = PBXBuildFile; fileRef = 90D3D2C91BFE8D9A0085AE9A /* frame-006.png */; };
		90D3D2F61BFE8D9A0085AE9A /* frame-007.png in Resources */ = {isa = PBXBuildFile; fileRef = 90D3D2CA1BFE8D9A0085AE9A /* frame-007.png */; };
		90D3D2F71BFE8D9A0085AE9A /* frame-008.png in Resources */ = {isa = PBXBuildFile; fileRef = 90D3D2CB1BFE8D9A0085AE9A /* frame-008.png */; };
		90D3D2F81BFE8D9A0085AE9A /* frame-009.png in Resources */ = {isa = PBXBuildFile; fileRef = 90D3D2CC1BFE8D9A0085AE9A /* frame-009.png */; };
		90D3D2F91BFE8D9A0085AE9A /* frame-010.png in Resources */ = {isa = PBXBuildFile; fileRef = 90D3D2CD1BFE8D9A0085AE9A /* frame-010.png */; };
		90D3D2FA1BFE8D9A0085AE9A /* frame-011.png in Resources */ = {isa = PBXBuildFile; fileRef = 90D3D2CE1BFE8D9A0085AE9A /* frame-011.png */; };
		90D3D2FB1BFE8D9A0085AE9A /* frame-012.png in Resources */ = {isa = PBXBuildFile; fileRef = 90D3D2CF1BFE8D9A0085AE9A /* frame-012.png */; };
		90D3D2FC1BFE8D9A0085AE9A /* frame-015.png in Resources */ = {isa = PBXBuildFile; fileRef = 90D3D2D01BFE8D9A0085AE9A /* frame-015.png */; };
		90D3D2FD1BFE8D9A0085AE9A /* frame-016.png in Resources */ = {isa = PBXBuildFile; fileRef = 90D3D2D11BFE8D9A0085AE9A /* frame-016.png */; };
		90D3D2FE1BFE8D9A0085AE9A /* frame-017.png in Resources */ = {isa = PBXBuildFile; fileRef = 90D3D2D21BFE8D9A0085AE9A /* frame-017.png */; };
		90D3D2FF1BFE8D9A0085AE9A /* frame-018.png in Resources */ = {isa = PBXBuildFile; fileRef = 90D3D2D31BFE8D9A0085AE9A /* frame-018.png */; };
		90D3D3001BFE8D9A0085AE9A /* frame-019.png in Resources */ = {isa = PBXBuildFile; fileRef = 90D3D2D41BFE8D9A0085AE9A /* frame-019.png */; };
		90D3D3011BFE8D9A0085AE9A /* frame-020.png in Resources */ = {isa = PBXBuildFile; fileRef = 90D3D2D51BFE8D9A0085AE9A /* frame-020.png */; };
		90D3D3021BFE8D9A0085AE9A /* frame-022.png in Resources */ = {isa = PBXBuildFile; fileRef = 90D3D2D61BFE8D9A0085AE9A /* frame-022.png */; };
		90D3D3031BFE8D9A0085AE9A /* frame-023.png in Resources */ = {isa = PBXBuildFile; fileRef = 90D3D2D71BFE8D9A0085AE9A /* frame-023.png */; };
		90D3D3041BFE8D9A0085AE9A /* frame-024.png in Resources */ = {isa = PBXBuildFile; fileRef = 90D3D2D81BFE8D9A0085AE9A /* frame-024.png */; };
		90D3D3051BFE8D9A0085AE9A /* frame-025.png in Resources */ = {isa = PBXBuildFile; fileRef = 90D3D2D91BFE8D9A0085AE9A /* frame-025.png */; };
		90D3D3061BFE8D9A0085AE9A /* frame-027.png in Resources */ = {isa = PBXBuildFile; fileRef = 90D3D2DA1BFE8D9A0085AE9A /* frame-027.png */; };
		90D3D3071BFE8D9A0085AE9A /* frame-029.png in Resources */ = {isa = PBXBuildFile; fileRef = 90D3D2DB1BFE8D9A0085AE9A /* frame-029.png */; };
		90D3D3081BFE8D9A0085AE9A /* frame-032.png in Resources */ = {isa = PBXBuildFile; fileRef = 90D3D2DC1BFE8D9A0085AE9A /* frame-032.png */; };
		90D3D3091BFE8D9A0085AE9A /* frame-033.png in Resources */ = {isa = PBXBuildFile; fileRef = 90D3D2DD1BFE8D9A0085AE9A /* frame-033.png */; };
		90D3D30A1BFE8D9A0085AE9A /* frame-034.png in Resources */ = {isa = PBXBuildFile; fileRef = 90D3D2DE1BFE8D9A0085AE9A /* frame-034.png */; };
		90D3D30B1BFE8D9A0085AE9A /* frame-035.png in Resources */ = {isa = PBXBuildFile; fileRef = 90D3D2DF1BFE8D9A0085AE9A /* frame-035.png */; };
		90D3D30C1BFE8D9A0085AE9A /* frame-040.png in Resources */ = {isa = PBXBuildFile; fileRef = 90D3D2E01BFE8D9A0085AE9A /* frame-040.png */; };
		90D3D30D1BFE8D9A0085AE9A /* frame-041.png in Resources */ = {isa = PBXBuildFile; fileRef = 90D3D2E11BFE8D9A0085AE9A /* frame-041.png */; };
		90D3D30E1BFE8D9A0085AE9A /* frame-002.png in Resources */ = {isa = PBXBuildFile; fileRef = 90D3D2E21BFE8D9A0085AE9A /* frame-002.png */; };
		90D3D30F1BFE8D9A0085AE9A /* frame-005.png in Resources */ = {isa = PBXBuildFile; fileRef = 90D3D2E31BFE8D9A0085AE9A /* frame-005.png */; };
		90D3D3101BFE8D9A0085AE9A /* frame-013.png in Resources */ = {isa = PBXBuildFile; fileRef = 90D3D2E41BFE8D9A0085AE9A /* frame-013.png */; };
		90D3D3111BFE8D9A0085AE9A /* frame-014.png in Resources */ = {isa = PBXBuildFile; fileRef = 90D3D2E51BFE8D9A0085AE9A /* frame-014.png */; };
		90D3D3121BFE8D9A0085AE9A /* frame-021.png in Resources */ = {isa = PBXBuildFile; fileRef = 90D3D2E61BFE8D9A0085AE9A /* frame-021.png */; };
		90D3D3131BFE8D9A0085AE9A /* frame-026.png in Resources */ = {isa = PBXBuildFile; fileRef = 90D3D2E71BFE8D9A0085AE9A /* frame-026.png */; };
		90D3D3141BFE8D9A0085AE9A /* frame-028.png in Resources */ = {isa = PBXBuildFile; fileRef = 90D3D2E81BFE8D9A0085AE9A /* frame-028.png */; };
		90D3D3151BFE8D9A0085AE9A /* frame-030.png in Resources */ = {isa = PBXBuildFile; fileRef = 90D3D2E91BFE8D9A0085AE9A /* frame-030.png */; };
		90D3D3161BFE8D9A0085AE9A /* frame-031.png in Resources */ = {isa = PBXBuildFile; fileRef = 90D3D2EA1BFE8D9A0085AE9A /* frame-031.png */; };
		90D3D3171BFE8D9A0085AE9A /* frame-036.png in Resources */ = {isa = PBXBuildFile; fileRef = 90D3D2EB1BFE8D9A0085AE9A /* frame-036.png */; };
		90D3D3181BFE8D9A0085AE9A /* frame-037.png in Resources */ = {isa = PBXBuildFile; fileRef = 90D3D2EC1BFE8D9A0085AE9A /* frame-037.png */; };
		90D3D3191BFE8D9A0085AE9A /* frame-038.png in Resources */ = {isa = PBXBuildFile; fileRef = 90D3D2ED1BFE8D9A0085AE9A /* frame-038.png */; };
		90D3D31A1BFE8D9A0085AE9A /* frame-039.png in Resources */ = {isa = PBXBuildFile; fileRef = 90D3D2EE1BFE8D9A0085AE9A /* frame-039.png */; };
		90D3D31B1BFE8D9A0085AE9A /* frame-042.png in Resources */ = {isa = PBXBuildFile; fileRef = 90D3D2EF1BFE8D9A0085AE9A /* frame-042.png */; };
		90D3D31C1BFE8D9A0085AE9A /* frame-043.png in Resources */ = {isa = PBXBuildFile; fileRef = 90D3D2F01BFE8D9A0085AE9A /* frame-043.png */; };
		90D3D31D1BFE8D9A0085AE9A /* frame-044.png in Resources */ = {isa = PBXBuildFile; fileRef = 90D3D2F11BFE8D9A0085AE9A /* frame-044.png */; };
/* End PBXBuildFile section */

/* Begin PBXFileReference section */
		90D3D2B01BFE8D700085AE9A /* Horse Animation.app */ = {isa = PBXFileReference; explicitFileType = wrapper.application; includeInIndex = 0; path = "Horse Animation.app"; sourceTree = BUILT_PRODUCTS_DIR; };
		90D3D2B31BFE8D700085AE9A /* AppDelegate.swift */ = {isa = PBXFileReference; lastKnownFileType = sourcecode.swift; path = AppDelegate.swift; sourceTree = "<group>"; };
		90D3D2B51BFE8D700085AE9A /* ViewController.swift */ = {isa = PBXFileReference; lastKnownFileType = sourcecode.swift; path = ViewController.swift; sourceTree = "<group>"; };
		90D3D2B81BFE8D700085AE9A /* Base */ = {isa = PBXFileReference; lastKnownFileType = file.storyboard; name = Base; path = Base.lproj/Main.storyboard; sourceTree = "<group>"; };
		90D3D2BA1BFE8D700085AE9A /* Assets.xcassets */ = {isa = PBXFileReference; lastKnownFileType = folder.assetcatalog; path = Assets.xcassets; sourceTree = "<group>"; };
		90D3D2BD1BFE8D700085AE9A /* Base */ = {isa = PBXFileReference; lastKnownFileType = file.storyboard; name = Base; path = Base.lproj/LaunchScreen.storyboard; sourceTree = "<group>"; };
		90D3D2BF1BFE8D700085AE9A /* Info.plist */ = {isa = PBXFileReference; lastKnownFileType = text.plist.xml; path = Info.plist; sourceTree = "<group>"; };
		90D3D2C61BFE8D9A0085AE9A /* frame-001.png */ = {isa = PBXFileReference; lastKnownFileType = image.png; path = "frame-001.png"; sourceTree = "<group>"; };
		90D3D2C71BFE8D9A0085AE9A /* frame-003.png */ = {isa = PBXFileReference; lastKnownFileType = image.png; path = "frame-003.png"; sourceTree = "<group>"; };
		90D3D2C81BFE8D9A0085AE9A /* frame-004.png */ = {isa = PBXFileReference; lastKnownFileType = image.png; path = "frame-004.png"; sourceTree = "<group>"; };
		90D3D2C91BFE8D9A0085AE9A /* frame-006.png */ = {isa = PBXFileReference; lastKnownFileType = image.png; path = "frame-006.png"; sourceTree = "<group>"; };
		90D3D2CA1BFE8D9A0085AE9A /* frame-007.png */ = {isa = PBXFileReference; lastKnownFileType = image.png; path = "frame-007.png"; sourceTree = "<group>"; };
		90D3D2CB1BFE8D9A0085AE9A /* frame-008.png */ = {isa = PBXFileReference; lastKnownFileType = image.png; path = "frame-008.png"; sourceTree = "<group>"; };
		90D3D2CC1BFE8D9A0085AE9A /* frame-009.png */ = {isa = PBXFileReference; lastKnownFileType = image.png; path = "frame-009.png"; sourceTree = "<group>"; };
		90D3D2CD1BFE8D9A0085AE9A /* frame-010.png */ = {isa = PBXFileReference; lastKnownFileType = image.png; path = "frame-010.png"; sourceTree = "<group>"; };
		90D3D2CE1BFE8D9A0085AE9A /* frame-011.png */ = {isa = PBXFileReference; lastKnownFileType = image.png; path = "frame-011.png"; sourceTree = "<group>"; };
		90D3D2CF1BFE8D9A0085AE9A /* frame-012.png */ = {isa = PBXFileReference; lastKnownFileType = image.png; path = "frame-012.png"; sourceTree = "<group>"; };
		90D3D2D01BFE8D9A0085AE9A /* frame-015.png */ = {isa = PBXFileReference; lastKnownFileType = image.png; path = "frame-015.png"; sourceTree = "<group>"; };
		90D3D2D11BFE8D9A0085AE9A /* frame-016.png */ = {isa = PBXFileReference; lastKnownFileType = image.png; path = "frame-016.png"; sourceTree = "<group>"; };
		90D3D2D21BFE8D9A0085AE9A /* frame-017.png */ = {isa = PBXFileReference; lastKnownFileType = image.png; path = "frame-017.png"; sourceTree = "<group>"; };
		90D3D2D31BFE8D9A0085AE9A /* frame-018.png */ = {isa = PBXFileReference; lastKnownFileType = image.png; path = "frame-018.png"; sourceTree = "<group>"; };
		90D3D2D41BFE8D9A0085AE9A /* frame-019.png */ = {isa = PBXFileReference; lastKnownFileType = image.png; path = "frame-019.png"; sourceTree = "<group>"; };
		90D3D2D51BFE8D9A0085AE9A /* frame-020.png */ = {isa = PBXFileReference; lastKnownFileType = image.png; path = "frame-020.png"; sourceTree = "<group>"; };
		90D3D2D61BFE8D9A0085AE9A /* frame-022.png */ = {isa = PBXFileReference; lastKnownFileType = image.png; path = "frame-022.png"; sourceTree = "<group>"; };
		90D3D2D71BFE8D9A0085AE9A /* frame-023.png */ = {isa = PBXFileReference; lastKnownFileType = image.png; path = "frame-023.png"; sourceTree = "<group>"; };
		90D3D2D81BFE8D9A0085AE9A /* frame-024.png */ = {isa = PBXFileReference; lastKnownFileType = image.png; path = "frame-024.png"; sourceTree = "<group>"; };
		90D3D2D91BFE8D9A0085AE9A /* frame-025.png */ = {isa = PBXFileReference; lastKnownFileType = image.png; path = "frame-025.png"; sourceTree = "<group>"; };
		90D3D2DA1BFE8D9A0085AE9A /* frame-027.png */ = {isa = PBXFileReference; lastKnownFileType = image.png; path = "frame-027.png"; sourceTree = "<group>"; };
		90D3D2DB1BFE8D9A0085AE9A /* frame-029.png */ = {isa = PBXFileReference; lastKnownFileType = image.png; path = "frame-029.png"; sourceTree = "<group>"; };
		90D3D2DC1BFE8D9A0085AE9A /* frame-032.png */ = {isa = PBXFileReference; lastKnownFileType = image.png; path = "frame-032.png"; sourceTree = "<group>"; };
		90D3D2DD1BFE8D9A0085AE9A /* frame-033.png */ = {isa = PBXFileReference; lastKnownFileType = image.png; path = "frame-033.png"; sourceTree = "<group>"; };
		90D3D2DE1BFE8D9A0085AE9A /* frame-034.png */ = {isa = PBXFileReference; lastKnownFileType = image.png; path = "frame-034.png"; sourceTree = "<group>"; };
		90D3D2DF1BFE8D9A0085AE9A /* frame-035.png */ = {isa = PBXFileReference; lastKnownFileType = image.png; path = "frame-035.png"; sourceTree = "<group>"; };
		90D3D2E01BFE8D9A0085AE9A /* frame-040.png */ = {isa = PBXFileReference; lastKnownFileType = image.png; path = "frame-040.png"; sourceTree = "<group>"; };
		90D3D2E11BFE8D9A0085AE9A /* frame-041.png */ = {isa = PBXFileReference; lastKnownFileType = image.png; path = "frame-041.png"; sourceTree = "<group>"; };
		90D3D2E21BFE8D9A0085AE9A /* frame-002.png */ = {isa = PBXFileReference; lastKnownFileType = image.png; path = "frame-002.png"; sourceTree = "<group>"; };
		90D3D2E31BFE8D9A0085AE9A /* frame-005.png */ = {isa = PBXFileReference; lastKnownFileType = image.png; path = "frame-005.png"; sourceTree = "<group>"; };
		90D3D2E41BFE8D9A0085AE9A /* frame-013.png */ = {isa = PBXFileReference; lastKnownFileType = image.png; path = "frame-013.png"; sourceTree = "<group>"; };
		90D3D2E51BFE8D9A0085AE9A /* frame-014.png */ = {isa = PBXFileReference; lastKnownFileType = image.png; path = "frame-014.png"; sourceTree = "<group>"; };
		90D3D2E61BFE8D9A0085AE9A /* frame-021.png */ = {isa = PBXFileReference; lastKnownFileType = image.png; path = "frame-021.png"; sourceTree = "<group>"; };
		90D3D2E71BFE8D9A0085AE9A /* frame-026.png */ = {isa = PBXFileReference; lastKnownFileType = image.png; path = "frame-026.png"; sourceTree = "<group>"; };
		90D3D2E81BFE8D9A0085AE9A /* frame-028.png */ = {isa = PBXFileReference; lastKnownFileType = image.png; path = "frame-028.png"; sourceTree = "<group>"; };
		90D3D2E91BFE8D9A0085AE9A /* frame-030.png */ = {isa = PBXFileReference; lastKnownFileType = image.png; path = "frame-030.png"; sourceTree = "<group>"; };
		90D3D2EA1BFE8D9A0085AE9A /* frame-031.png */ = {isa = PBXFileReference; lastKnownFileType = image.png; path = "frame-031.png"; sourceTree = "<group>"; };
		90D3D2EB1BFE8D9A0085AE9A /* frame-036.png */ = {isa = PBXFileReference; lastKnownFileType = image.png; path = "frame-036.png"; sourceTree = "<group>"; };
		90D3D2EC1BFE8D9A0085AE9A /* frame-037.png */ = {isa = PBXFileReference; lastKnownFileType = image.png; path = "frame-037.png"; sourceTree = "<group>"; };
		90D3D2ED1BFE8D9A0085AE9A /* frame-038.png */ = {isa = PBXFileReference; lastKnownFileType = image.png; path = "frame-038.png"; sourceTree = "<group>"; };
		90D3D2EE1BFE8D9A0085AE9A /* frame-039.png */ = {isa = PBXFileReference; lastKnownFileType = image.png; path = "frame-039.png"; sourceTree = "<group>"; };
		90D3D2EF1BFE8D9A0085AE9A /* frame-042.png */ = {isa = PBXFileReference; lastKnownFileType = image.png; path = "frame-042.png"; sourceTree = "<group>"; };
		90D3D2F01BFE8D9A0085AE9A /* frame-043.png */ = {isa = PBXFileReference; lastKnownFileType = image.png; path = "frame-043.png"; sourceTree = "<group>"; };
		90D3D2F11BFE8D9A0085AE9A /* frame-044.png */ = {isa = PBXFileReference; lastKnownFileType = image.png; path = "frame-044.png"; sourceTree = "<group>"; };
/* End PBXFileReference section */

/* Begin PBXFrameworksBuildPhase section */
		90D3D2AD1BFE8D700085AE9A /* Frameworks */ = {
			isa = PBXFrameworksBuildPhase;
			buildActionMask = 2147483647;
			files = (
			);
			runOnlyForDeploymentPostprocessing = 0;
		};
/* End PBXFrameworksBuildPhase section */

/* Begin PBXGroup section */
		90D3D2A71BFE8D700085AE9A = {
			isa = PBXGroup;
			children = (
				90D3D2B21BFE8D700085AE9A /* Horse Animation */,
				90D3D2B11BFE8D700085AE9A /* Products */,
			);
			sourceTree = "<group>";
		};
		90D3D2B11BFE8D700085AE9A /* Products */ = {
			isa = PBXGroup;
			children = (
				90D3D2B01BFE8D700085AE9A /* Horse Animation.app */,
			);
			name = Products;
			sourceTree = "<group>";
		};
		90D3D2B21BFE8D700085AE9A /* Horse Animation */ = {
			isa = PBXGroup;
			children = (
				90D3D2C51BFE8D830085AE9A /* Images */,
				90D3D2B31BFE8D700085AE9A /* AppDelegate.swift */,
				90D3D2B51BFE8D700085AE9A /* ViewController.swift */,
				90D3D2B71BFE8D700085AE9A /* Main.storyboard */,
				90D3D2BA1BFE8D700085AE9A /* Assets.xcassets */,
				90D3D2BC1BFE8D700085AE9A /* LaunchScreen.storyboard */,
				90D3D2BF1BFE8D700085AE9A /* Info.plist */,
			);
			path = "Horse Animation";
			sourceTree = "<group>";
		};
		90D3D2C51BFE8D830085AE9A /* Images */ = {
			isa = PBXGroup;
			children = (
				90D3D2C61BFE8D9A0085AE9A /* frame-001.png */,
				90D3D2C71BFE8D9A0085AE9A /* frame-003.png */,
				90D3D2C81BFE8D9A0085AE9A /* frame-004.png */,
				90D3D2C91BFE8D9A0085AE9A /* frame-006.png */,
				90D3D2CA1BFE8D9A0085AE9A /* frame-007.png */,
				90D3D2CB1BFE8D9A0085AE9A /* frame-008.png */,
				90D3D2CC1BFE8D9A0085AE9A /* frame-009.png */,
				90D3D2CD1BFE8D9A0085AE9A /* frame-010.png */,
				90D3D2CE1BFE8D9A0085AE9A /* frame-011.png */,
				90D3D2CF1BFE8D9A0085AE9A /* frame-012.png */,
				90D3D2D01BFE8D9A0085AE9A /* frame-015.png */,
				90D3D2D11BFE8D9A0085AE9A /* frame-016.png */,
				90D3D2D21BFE8D9A0085AE9A /* frame-017.png */,
				90D3D2D31BFE8D9A0085AE9A /* frame-018.png */,
				90D3D2D41BFE8D9A0085AE9A /* frame-019.png */,
				90D3D2D51BFE8D9A0085AE9A /* frame-020.png */,
				90D3D2D61BFE8D9A0085AE9A /* frame-022.png */,
				90D3D2D71BFE8D9A0085AE9A /* frame-023.png */,
				90D3D2D81BFE8D9A0085AE9A /* frame-024.png */,
				90D3D2D91BFE8D9A0085AE9A /* frame-025.png */,
				90D3D2DA1BFE8D9A0085AE9A /* frame-027.png */,
				90D3D2DB1BFE8D9A0085AE9A /* frame-029.png */,
				90D3D2DC1BFE8D9A0085AE9A /* frame-032.png */,
				90D3D2DD1BFE8D9A0085AE9A /* frame-033.png */,
				90D3D2DE1BFE8D9A0085AE9A /* frame-034.png */,
				90D3D2DF1BFE8D9A0085AE9A /* frame-035.png */,
				90D3D2E01BFE8D9A0085AE9A /* frame-040.png */,
				90D3D2E11BFE8D9A0085AE9A /* frame-041.png */,
				90D3D2E21BFE8D9A0085AE9A /* frame-002.png */,
				90D3D2E31BFE8D9A0085AE9A /* frame-005.png */,
				90D3D2E41BFE8D9A0085AE9A /* frame-013.png */,
				90D3D2E51BFE8D9A0085AE9A /* frame-014.png */,
				90D3D2E61BFE8D9A0085AE9A /* frame-021.png */,
				90D3D2E71BFE8D9A0085AE9A /* frame-026.png */,
				90D3D2E81BFE8D9A0085AE9A /* frame-028.png */,
				90D3D2E91BFE8D9A0085AE9A /* frame-030.png */,
				90D3D2EA1BFE8D9A0085AE9A /* frame-031.png */,
				90D3D2EB1BFE8D9A0085AE9A /* frame-036.png */,
				90D3D2EC1BFE8D9A0085AE9A /* frame-037.png */,
				90D3D2ED1BFE8D9A0085AE9A /* frame-038.png */,
				90D3D2EE1BFE8D9A0085AE9A /* frame-039.png */,
				90D3D2EF1BFE8D9A0085AE9A /* frame-042.png */,
				90D3D2F01BFE8D9A0085AE9A /* frame-043.png */,
				90D3D2F11BFE8D9A0085AE9A /* frame-044.png */,
			);
			name = Images;
			sourceTree = "<group>";
		};
/* End PBXGroup section */

/* Begin PBXNativeTarget section */
		90D3D2AF1BFE8D700085AE9A /* Horse Animation */ = {
			isa = PBXNativeTarget;
			buildConfigurationList = 90D3D2C21BFE8D700085AE9A /* Build configuration list for PBXNativeTarget "Horse Animation" */;
			buildPhases = (
				90D3D2AC1BFE8D700085AE9A /* Sources */,
				90D3D2AD1BFE8D700085AE9A /* Frameworks */,
				90D3D2AE1BFE8D700085AE9A /* Resources */,
			);
			buildRules = (
			);
			dependencies = (
			);
			name = "Horse Animation";
			productName = "Horse Animation";
			productReference = 90D3D2B01BFE8D700085AE9A /* Horse Animation.app */;
			productType = "com.apple.product-type.application";
		};
/* End PBXNativeTarget section */

/* Begin PBXProject section */
		90D3D2A81BFE8D700085AE9A /* Project object */ = {
			isa = PBXProject;
			attributes = {
				LastSwiftUpdateCheck = 0710;
				LastUpgradeCheck = 0710;
				ORGANIZATIONNAME = CodeRunner;
				TargetAttributes = {
					90D3D2AF1BFE8D700085AE9A = {
						CreatedOnToolsVersion = 7.1.1;
						DevelopmentTeam = DH6MS76EFS;
					};
				};
			};
			buildConfigurationList = 90D3D2AB1BFE8D700085AE9A /* Build configuration list for PBXProject "Horse Animation" */;
			compatibilityVersion = "Xcode 3.2";
			developmentRegion = English;
			hasScannedForEncodings = 0;
			knownRegions = (
				en,
				Base,
			);
			mainGroup = 90D3D2A71BFE8D700085AE9A;
			productRefGroup = 90D3D2B11BFE8D700085AE9A /* Products */;
			projectDirPath = "";
			projectRoot = "";
			targets = (
				90D3D2AF1BFE8D700085AE9A /* Horse Animation */,
			);
		};
/* End PBXProject section */

/* Begin PBXResourcesBuildPhase section */
		90D3D2AE1BFE8D700085AE9A /* Resources */ = {
			isa = PBXResourcesBuildPhase;
			buildActionMask = 2147483647;
			files = (
				90D3D30D1BFE8D9A0085AE9A /* frame-041.png in Resources */,
				90D3D2FE1BFE8D9A0085AE9A /* frame-017.png in Resources */,
				90D3D30B1BFE8D9A0085AE9A /* frame-035.png in Resources */,
				90D3D3061BFE8D9A0085AE9A /* frame-027.png in Resources */,
				90D3D3161BFE8D9A0085AE9A /* frame-031.png in Resources */,
				90D3D3101BFE8D9A0085AE9A /* frame-013.png in Resources */,
				90D3D2F31BFE8D9A0085AE9A /* frame-003.png in Resources */,
				90D3D2BE1BFE8D700085AE9A /* LaunchScreen.storyboard in Resources */,
				90D3D3131BFE8D9A0085AE9A /* frame-026.png in Resources */,
				90D3D3011BFE8D9A0085AE9A /* frame-020.png in Resources */,
				90D3D2F21BFE8D9A0085AE9A /* frame-001.png in Resources */,
				90D3D2F81BFE8D9A0085AE9A /* frame-009.png in Resources */,
				90D3D2FD1BFE8D9A0085AE9A /* frame-016.png in Resources */,
				90D3D30E1BFE8D9A0085AE9A /* frame-002.png in Resources */,
				90D3D3171BFE8D9A0085AE9A /* frame-036.png in Resources */,
				90D3D2BB1BFE8D700085AE9A /* Assets.xcassets in Resources */,
				90D3D3111BFE8D9A0085AE9A /* frame-014.png in Resources */,
				90D3D31D1BFE8D9A0085AE9A /* frame-044.png in Resources */,
				90D3D2F71BFE8D9A0085AE9A /* frame-008.png in Resources */,
				90D3D2FB1BFE8D9A0085AE9A /* frame-012.png in Resources */,
				90D3D2FF1BFE8D9A0085AE9A /* frame-018.png in Resources */,
				90D3D2F41BFE8D9A0085AE9A /* frame-004.png in Resources */,
				90D3D31C1BFE8D9A0085AE9A /* frame-043.png in Resources */,
				90D3D3071BFE8D9A0085AE9A /* frame-029.png in Resources */,
				90D3D31B1BFE8D9A0085AE9A /* frame-042.png in Resources */,
				90D3D3191BFE8D9A0085AE9A /* frame-038.png in Resources */,
				90D3D3121BFE8D9A0085AE9A /* frame-021.png in Resources */,
				90D3D3021BFE8D9A0085AE9A /* frame-022.png in Resources */,
				90D3D30C1BFE8D9A0085AE9A /* frame-040.png in Resources */,
				90D3D2B91BFE8D700085AE9A /* Main.storyboard in Resources */,
				90D3D3141BFE8D9A0085AE9A /* frame-028.png in Resources */,
				90D3D3091BFE8D9A0085AE9A /* frame-033.png in Resources */,
				90D3D3041BFE8D9A0085AE9A /* frame-024.png in Resources */,
				90D3D2F91BFE8D9A0085AE9A /* frame-010.png in Resources */,
				90D3D2F51BFE8D9A0085AE9A /* frame-006.png in Resources */,
				90D3D2FA1BFE8D9A0085AE9A /* frame-011.png in Resources */,
				90D3D30F1BFE8D9A0085AE9A /* frame-005.png in Resources */,
				90D3D3151BFE8D9A0085AE9A /* frame-030.png in Resources */,
				90D3D3181BFE8D9A0085AE9A /* frame-037.png in Resources */,
				90D3D31A1BFE8D9A0085AE9A /* frame-039.png in Resources */,
				90D3D2FC1BFE8D9A0085AE9A /* frame-015.png in Resources */,
				90D3D3001BFE8D9A0085AE9A /* frame-019.png in Resources */,
				90D3D30A1BFE8D9A0085AE9A /* frame-034.png in Resources */,
				90D3D3051BFE8D9A0085AE9A /* frame-025.png in Resources */,
				90D3D3081BFE8D9A0085AE9A /* frame-032.png in Resources */,
				90D3D3031BFE8D9A0085AE9A /* frame-023.png in Resources */,
				90D3D2F61BFE8D9A0085AE9A /* frame-007.png in Resources */,
			);
			runOnlyForDeploymentPostprocessing = 0;
		};
/* End PBXResourcesBuildPhase section */

/* Begin PBXSourcesBuildPhase section */
		90D3D2AC1BFE8D700085AE9A /* Sources */ = {
			isa = PBXSourcesBuildPhase;
			buildActionMask = 2147483647;
			files = (
				90D3D2B61BFE8D700085AE9A /* ViewController.swift in Sources */,
				90D3D2B41BFE8D700085AE9A /* AppDelegate.swift in Sources */,
			);
			runOnlyForDeploymentPostprocessing = 0;
		};
/* End PBXSourcesBuildPhase section */

/* Begin PBXVariantGroup section */
		90D3D2B71BFE8D700085AE9A /* Main.storyboard */ = {
			isa = PBXVariantGroup;
			children = (
				90D3D2B81BFE8D700085AE9A /* Base */,
			);
			name = Main.storyboard;
			sourceTree = "<group>";
		};
		90D3D2BC1BFE8D700085AE9A /* LaunchScreen.storyboard */ = {
			isa = PBXVariantGroup;
			children = (
				90D3D2BD1BFE8D700085AE9A /* Base */,
			);
			name = LaunchScreen.storyboard;
			sourceTree = "<group>";
		};
/* End PBXVariantGroup section */

/* Begin XCBuildConfiguration section */
		90D3D2C01BFE8D700085AE9A /* Debug */ = {
			isa = XCBuildConfiguration;
			buildSettings = {
				ALWAYS_SEARCH_USER_PATHS = NO;
				CLANG_CXX_LANGUAGE_STANDARD = "gnu++0x";
				CLANG_CXX_LIBRARY = "libc++";
				CLANG_ENABLE_MODULES = YES;
				CLANG_ENABLE_OBJC_ARC = YES;
				CLANG_WARN_BOOL_CONVERSION = YES;
				CLANG_WARN_CONSTANT_CONVERSION = YES;
				CLANG_WARN_DIRECT_OBJC_ISA_USAGE = YES_ERROR;
				CLANG_WARN_EMPTY_BODY = YES;
				CLANG_WARN_ENUM_CONVERSION = YES;
				CLANG_WARN_INT_CONVERSION = YES;
				CLANG_WARN_OBJC_ROOT_CLASS = YES_ERROR;
				CLANG_WARN_UNREACHABLE_CODE = YES;
				CLANG_WARN__DUPLICATE_METHOD_MATCH = YES;
				"CODE_SIGN_IDENTITY[sdk=iphoneos*]" = "iPhone Developer";
				COPY_PHASE_STRIP = NO;
				DEBUG_INFORMATION_FORMAT = dwarf;
				ENABLE_STRICT_OBJC_MSGSEND = YES;
				ENABLE_TESTABILITY = YES;
				GCC_C_LANGUAGE_STANDARD = gnu99;
				GCC_DYNAMIC_NO_PIC = NO;
				GCC_NO_COMMON_BLOCKS = YES;
				GCC_OPTIMIZATION_LEVEL = 0;
				GCC_PREPROCESSOR_DEFINITIONS = (
					"DEBUG=1",
					"$(inherited)",
				);
				GCC_WARN_64_TO_32_BIT_CONVERSION = YES;
				GCC_WARN_ABOUT_RETURN_TYPE = YES_ERROR;
				GCC_WARN_UNDECLARED_SELECTOR = YES;
				GCC_WARN_UNINITIALIZED_AUTOS = YES_AGGRESSIVE;
				GCC_WARN_UNUSED_FUNCTION = YES;
				GCC_WARN_UNUSED_VARIABLE = YES;
				IPHONEOS_DEPLOYMENT_TARGET = 9.1;
				MTL_ENABLE_DEBUG_INFO = YES;
				ONLY_ACTIVE_ARCH = YES;
				SDKROOT = iphoneos;
				SWIFT_OPTIMIZATION_LEVEL = "-Onone";
			};
			name = Debug;
		};
		90D3D2C11BFE8D700085AE9A /* Release */ = {
			isa = XCBuildConfiguration;
			buildSettings = {
				ALWAYS_SEARCH_USER_PATHS = NO;
				CLANG_CXX_LANGUAGE_STANDARD = "gnu++0x";
				CLANG_CXX_LIBRARY = "libc++";
				CLANG_ENABLE_MODULES = YES;
				CLANG_ENABLE_OBJC_ARC = YES;
				CLANG_WARN_BOOL_CONVERSION = YES;
				CLANG_WARN_CONSTANT_CONVERSION = YES;
				CLANG_WARN_DIRECT_OBJC_ISA_USAGE = YES_ERROR;
				CLANG_WARN_EMPTY_BODY = YES;
				CLANG_WARN_ENUM_CONVERSION = YES;
				CLANG_WARN_INT_CONVERSION = YES;
				CLANG_WARN_OBJC_ROOT_CLASS = YES_ERROR;
				CLANG_WARN_UNREACHABLE_CODE = YES;
				CLANG_WARN__DUPLICATE_METHOD_MATCH = YES;
				"CODE_SIGN_IDENTITY[sdk=iphoneos*]" = "iPhone Developer";
				COPY_PHASE_STRIP = NO;
				DEBUG_INFORMATION_FORMAT = "dwarf-with-dsym";
				ENABLE_NS_ASSERTIONS = NO;
				ENABLE_STRICT_OBJC_MSGSEND = YES;
				GCC_C_LANGUAGE_STANDARD = gnu99;
				GCC_NO_COMMON_BLOCKS = YES;
				GCC_WARN_64_TO_32_BIT_CONVERSION = YES;
				GCC_WARN_ABOUT_RETURN_TYPE = YES_ERROR;
				GCC_WARN_UNDECLARED_SELECTOR = YES;
				GCC_WARN_UNINITIALIZED_AUTOS = YES_AGGRESSIVE;
				GCC_WARN_UNUSED_FUNCTION = YES;
				GCC_WARN_UNUSED_VARIABLE = YES;
				IPHONEOS_DEPLOYMENT_TARGET = 9.1;
				MTL_ENABLE_DEBUG_INFO = NO;
				SDKROOT = iphoneos;
				VALIDATE_PRODUCT = YES;
			};
			name = Release;
		};
		90D3D2C31BFE8D700085AE9A /* Debug */ = {
			isa = XCBuildConfiguration;
			buildSettings = {
				ASSETCATALOG_COMPILER_APPICON_NAME = AppIcon;
				INFOPLIST_FILE = "Horse Animation/Info.plist";
				LD_RUNPATH_SEARCH_PATHS = "$(inherited) @executable_path/Frameworks";
				PRODUCT_BUNDLE_IDENTIFIER = "it.coderunner.Horse-Animation";
				PRODUCT_NAME = "$(TARGET_NAME)";
			};
			name = Debug;
		};
		90D3D2C41BFE8D700085AE9A /* Release */ = {
			isa = XCBuildConfiguration;
			buildSettings = {
				ASSETCATALOG_COMPILER_APPICON_NAME = AppIcon;
				INFOPLIST_FILE = "Horse Animation/Info.plist";
				LD_RUNPATH_SEARCH_PATHS = "$(inherited) @executable_path/Frameworks";
				PRODUCT_BUNDLE_IDENTIFIER = "it.coderunner.Horse-Animation";
				PRODUCT_NAME = "$(TARGET_NAME)";
			};
			name = Release;
		};
/* End XCBuildConfiguration section */

/* Begin XCConfigurationList section */
		90D3D2AB1BFE8D700085AE9A /* Build configuration list for PBXProject "Horse Animation" */ = {
			isa = XCConfigurationList;
			buildConfigurations = (
				90D3D2C01BFE8D700085AE9A /* Debug */,
				90D3D2C11BFE8D700085AE9A /* Release */,
			);
			defaultConfigurationIsVisible = 0;
			defaultConfigurationName = Release;
		};
		90D3D2C21BFE8D700085AE9A /* Build configuration list for PBXNativeTarget "Horse Animation" */ = {
			isa = XCConfigurationList;
			buildConfigurations = (
				90D3D2C31BFE8D700085AE9A /* Debug */,
				90D3D2C41BFE8D700085AE9A /* Release */,
			);
			defaultConfigurationIsVisible = 0;
		};
/* End XCConfigurationList section */
	};
	rootObject = 90D3D2A81BFE8D700085AE9A /* Project object */;
}
